{
  "name": "slidebar",
  "version": "1.0.0",
  "lockfileVersion": 1,
  "requires": true,
  "dependencies": {
    "colorpicker-vue": {
      "version": "1.0.3",
      "resolved": "https://registry.npm.taobao.org/colorpicker-vue/download/colorpicker-vue-1.0.3.tgz",
      "integrity": "sha1-Ckr7Oc9rbMBjBSIXqu3ZuERPobU="
    },
    "ppteditor-vue": {
      "version": "1.1.9",
      "resolved": "https://registry.npm.taobao.org/ppteditor-vue/download/ppteditor-vue-1.1.9.tgz",
      "integrity": "sha1-MEFVncNZmsxACoyGEitOnu/p0dk=",
      "requires": {
        "colorpicker-vue": "^1.0.3",
        "qdraw": "^1.2.3"
      }
    },
    "qdraw": {
      "version": "1.2.9",
      "resolved": "https://registry.npm.taobao.org/qdraw/download/qdraw-1.2.9.tgz",
      "integrity": "sha1-U+a2YhuHY7FNQKFBxUpyQFBem5U="
    }
  }
}
